
Microsoft Visual Studio Solution File, Format Version 12.00
# Visual Studio Version 16
VisualStudioVersion = 16.0.810.8
MinimumVisualStudioVersion = 10.0.40219.1
Project("{FAE04EC0-301F-11D3-BF4B-00C04F79EFBC}") = "KataClub-DAO", "KataClub-DAO.csproj", "{27DCF5C0-E186-4A68-B0F4-F4103C571EB3}"
EndProject
Project("{FAE04EC0-301F-11D3-BF4B-00C04F79EFBC}") = "KataClub-DAO-naive", "..\KataClub-DAO-naive\KataClub-DAO-naive.csproj", "{0837BC2D-221F-4651-A0CF-61C12AE022CD}"
EndProject
Global
	GlobalSection(SolutionConfigurationPlatforms) = preSolution
		Debug|Any CPU = Debug|Any CPU
		Release|Any CPU = Release|Any CPU
	EndGlobalSection
	GlobalSection(ProjectConfigurationPlatforms) = postSolution
		{27DCF5C0-E186-4A68-B0F4-F4103C571EB3}.Debug|Any CPU.ActiveCfg = Debug|Any CPU
		{27DCF5C0-E186-4A68-B0F4-F4103C571EB3}.Debug|Any CPU.Build.0 = Debug|Any CPU
		{27DCF5C0-E186-4A68-B0F4-F4103C571EB3}.Release|Any CPU.ActiveCfg = Release|Any CPU
		{27DCF5C0-E186-4A68-B0F4-F4103C571EB3}.Release|Any CPU.Build.0 = Release|Any CPU
		{0837BC2D-221F-4651-A0CF-61C12AE022CD}.Debug|Any CPU.ActiveCfg = Debug|Any CPU
		{0837BC2D-221F-4651-A0CF-61C12AE022CD}.Debug|Any CPU.Build.0 = Debug|Any CPU
		{0837BC2D-221F-4651-A0CF-61C12AE022CD}.Release|Any CPU.ActiveCfg = Release|Any CPU
		{0837BC2D-221F-4651-A0CF-61C12AE022CD}.Release|Any CPU.Build.0 = Release|Any CPU
	EndGlobalSection
	GlobalSection(SolutionProperties) = preSolution
		HideSolutionNode = FALSE
	EndGlobalSection
	GlobalSection(ExtensibilityGlobals) = postSolution
		SolutionGuid = {0047AA9D-3760-41C4-9A02-07623FB194CE}
	EndGlobalSection
EndGlobal
